
Microsoft Visual Studio Solution File, Format Version 12.00
# Visual Studio 15
VisualStudioVersion = 15.0.27130.2024
MinimumVisualStudioVersion = 10.0.40219.1
Project("{FAE04EC0-301F-11D3-BF4B-00C04F79EFBC}") = "Middle-Ware", "Middle-Ware\Middle-Ware.csproj", "{3E8B8E61-DEAB-4D7C-95C1-B520DD6FC155}"
EndProject
Project("{9A19103F-16F7-4668-BE54-9A1E7A4F7556}") = "Entities", "Entities\Entities.csproj", "{176F98C5-C8BA-488E-BC16-D4A2ADEC7B46}"
EndProject
Project("{FAE04EC0-301F-11D3-BF4B-00C04F79EFBC}") = "ConnectionHandler", "ConnectionHandler\ConnectionHandler.csproj", "{AA5DBA7B-57C5-4796-B746-73CBB89D6DBE}"
EndProject
Global
	GlobalSection(SolutionConfigurationPlatforms) = preSolution
		Debug|Any CPU = Debug|Any CPU
		Debug|ARM = Debug|ARM
		Debug|x64 = Debug|x64
		Debug|x86 = Debug|x86
		Release|Any CPU = Release|Any CPU
		Release|ARM = Release|ARM
		Release|x64 = Release|x64
		Release|x86 = Release|x86
	EndGlobalSection
	GlobalSection(ProjectConfigurationPlatforms) = postSolution
		{3E8B8E61-DEAB-4D7C-95C1-B520DD6FC155}.Debug|Any CPU.ActiveCfg = Debug|Any CPU
		{3E8B8E61-DEAB-4D7C-95C1-B520DD6FC155}.Debug|Any CPU.Build.0 = Debug|Any CPU
		{3E8B8E61-DEAB-4D7C-95C1-B520DD6FC155}.Debug|ARM.ActiveCfg = Debug|Any CPU
		{3E8B8E61-DEAB-4D7C-95C1-B520DD6FC155}.Debug|ARM.Build.0 = Debug|Any CPU
		{3E8B8E61-DEAB-4D7C-95C1-B520DD6FC155}.Debug|x64.ActiveCfg = Debug|Any CPU
		{3E8B8E61-DEAB-4D7C-95C1-B520DD6FC155}.Debug|x64.Build.0 = Debug|Any CPU
		{3E8B8E61-DEAB-4D7C-95C1-B520DD6FC155}.Debug|x86.ActiveCfg = Debug|Any CPU
		{3E8B8E61-DEAB-4D7C-95C1-B520DD6FC155}.Debug|x86.Build.0 = Debug|Any CPU
		{3E8B8E61-DEAB-4D7C-95C1-B520DD6FC155}.Release|Any CPU.ActiveCfg = Release|Any CPU
		{3E8B8E61-DEAB-4D7C-95C1-B520DD6FC155}.Release|Any CPU.Build.0 = Release|Any CPU
		{3E8B8E61-DEAB-4D7C-95C1-B520DD6FC155}.Release|ARM.ActiveCfg = Release|Any CPU
		{3E8B8E61-DEAB-4D7C-95C1-B520DD6FC155}.Release|ARM.Build.0 = Release|Any CPU
		{3E8B8E61-DEAB-4D7C-95C1-B520DD6FC155}.Release|x64.ActiveCfg = Release|Any CPU
		{3E8B8E61-DEAB-4D7C-95C1-B520DD6FC155}.Release|x64.Build.0 = Release|Any CPU
		{3E8B8E61-DEAB-4D7C-95C1-B520DD6FC155}.Release|x86.ActiveCfg = Release|Any CPU
		{3E8B8E61-DEAB-4D7C-95C1-B520DD6FC155}.Release|x86.Build.0 = Release|Any CPU
		{176F98C5-C8BA-488E-BC16-D4A2ADEC7B46}.Debug|Any CPU.ActiveCfg = Debug|Any CPU
		{176F98C5-C8BA-488E-BC16-D4A2ADEC7B46}.Debug|Any CPU.Build.0 = Debug|Any CPU
		{176F98C5-C8BA-488E-BC16-D4A2ADEC7B46}.Debug|ARM.ActiveCfg = Debug|Any CPU
		{176F98C5-C8BA-488E-BC16-D4A2ADEC7B46}.Debug|ARM.Build.0 = Debug|Any CPU
		{176F98C5-C8BA-488E-BC16-D4A2ADEC7B46}.Debug|x64.ActiveCfg = Debug|Any CPU
		{176F98C5-C8BA-488E-BC16-D4A2ADEC7B46}.Debug|x64.Build.0 = Debug|Any CPU
		{176F98C5-C8BA-488E-BC16-D4A2ADEC7B46}.Debug|x86.ActiveCfg = Debug|Any CPU
		{176F98C5-C8BA-488E-BC16-D4A2ADEC7B46}.Debug|x86.Build.0 = Debug|Any CPU
		{176F98C5-C8BA-488E-BC16-D4A2ADEC7B46}.Release|Any CPU.ActiveCfg = Release|Any CPU
		{176F98C5-C8BA-488E-BC16-D4A2ADEC7B46}.Release|Any CPU.Build.0 = Release|Any CPU
		{176F98C5-C8BA-488E-BC16-D4A2ADEC7B46}.Release|ARM.ActiveCfg = Release|Any CPU
		{176F98C5-C8BA-488E-BC16-D4A2ADEC7B46}.Release|ARM.Build.0 = Release|Any CPU
		{176F98C5-C8BA-488E-BC16-D4A2ADEC7B46}.Release|x64.ActiveCfg = Release|Any CPU
		{176F98C5-C8BA-488E-BC16-D4A2ADEC7B46}.Release|x64.Build.0 = Release|Any CPU
		{176F98C5-C8BA-488E-BC16-D4A2ADEC7B46}.Release|x86.ActiveCfg = Release|Any CPU
		{176F98C5-C8BA-488E-BC16-D4A2ADEC7B46}.Release|x86.Build.0 = Release|Any CPU
		{AA5DBA7B-57C5-4796-B746-73CBB89D6DBE}.Debug|Any CPU.ActiveCfg = Debug|Any CPU
		{AA5DBA7B-57C5-4796-B746-73CBB89D6DBE}.Debug|Any CPU.Build.0 = Debug|Any CPU
		{AA5DBA7B-57C5-4796-B746-73CBB89D6DBE}.Debug|ARM.ActiveCfg = Debug|Any CPU
		{AA5DBA7B-57C5-4796-B746-73CBB89D6DBE}.Debug|ARM.Build.0 = Debug|Any CPU
		{AA5DBA7B-57C5-4796-B746-73CBB89D6DBE}.Debug|x64.ActiveCfg = Debug|Any CPU
		{AA5DBA7B-57C5-4796-B746-73CBB89D6DBE}.Debug|x64.Build.0 = Debug|Any CPU
		{AA5DBA7B-57C5-4796-B746-73CBB89D6DBE}.Debug|x86.ActiveCfg = Debug|Any CPU
		{AA5DBA7B-57C5-4796-B746-73CBB89D6DBE}.Debug|x86.Build.0 = Debug|Any CPU
		{AA5DBA7B-57C5-4796-B746-73CBB89D6DBE}.Release|Any CPU.ActiveCfg = Release|Any CPU
		{AA5DBA7B-57C5-4796-B746-73CBB89D6DBE}.Release|Any CPU.Build.0 = Release|Any CPU
		{AA5DBA7B-57C5-4796-B746-73CBB89D6DBE}.Release|ARM.ActiveCfg = Release|Any CPU
		{AA5DBA7B-57C5-4796-B746-73CBB89D6DBE}.Release|ARM.Build.0 = Release|Any CPU
		{AA5DBA7B-57C5-4796-B746-73CBB89D6DBE}.Release|x64.ActiveCfg = Release|Any CPU
		{AA5DBA7B-57C5-4796-B746-73CBB89D6DBE}.Release|x64.Build.0 = Release|Any CPU
		{AA5DBA7B-57C5-4796-B746-73CBB89D6DBE}.Release|x86.ActiveCfg = Release|Any CPU
		{AA5DBA7B-57C5-4796-B746-73CBB89D6DBE}.Release|x86.Build.0 = Release|Any CPU
	EndGlobalSection
	GlobalSection(SolutionProperties) = preSolution
		HideSolutionNode = FALSE
	EndGlobalSection
	GlobalSection(ExtensibilityGlobals) = postSolution
		SolutionGuid = {A0EB0CB8-4EEB-4849-A530-1CE311337B4B}
	EndGlobalSection
EndGlobal
